Microsoft Visual Studio Solution File, Format Version 12.00
# Visual Studio Version 17
VisualStudioVersion = 17.5.2.0
MinimumVisualStudioVersion = 10.0.40219.1
Project("{FAE04EC0-301F-11D3-BF4B-00C04F79EFBC}") = "Day28_RegistrationValidation", "Day28_RegistrationValidation.csproj", "{1C5C84E2-DA1E-E23B-D661-00458821C687}"
EndProject
Global
	GlobalSection(SolutionConfigurationPlatforms) = preSolution
		Debug|Any CPU = Debug|Any CPU
		Release|Any CPU = Release|Any CPU
	EndGlobalSection
	GlobalSection(ProjectConfigurationPlatforms) = postSolution
		{1C5C84E2-DA1E-E23B-D661-00458821C687}.Debug|Any CPU.ActiveCfg = Debug|Any CPU
		{1C5C84E2-DA1E-E23B-D661-00458821C687}.Debug|Any CPU.Build.0 = Debug|Any CPU
		{1C5C84E2-DA1E-E23B-D661-00458821C687}.Release|Any CPU.ActiveCfg = Release|Any CPU
		{1C5C84E2-DA1E-E23B-D661-00458821C687}.Release|Any CPU.Build.0 = Release|Any CPU
	EndGlobalSection
	GlobalSection(SolutionProperties) = preSolution
		HideSolutionNode = FALSE
	EndGlobalSection
	GlobalSection(ExtensibilityGlobals) = postSolution
		SolutionGuid = {F45F3687-B971-44AB-B78A-D64B5A8CCA13}
	EndGlobalSection
EndGlobal
