
Microsoft Visual Studio Solution File, Format Version 12.00
# Visual Studio Version 17
VisualStudioVersion = 17.5.2.0
MinimumVisualStudioVersion = 10.0.40219.1
Project("{FAE04EC0-301F-11D3-BF4B-00C04F79EFBC}") = "RentAPlaceAPI", "RentAPlaceAPI\RentAPlaceAPI.csproj", "{FFF70DEA-85E6-B61D-589B-458DF38EFA24}"
EndProject
Project("{FAE04EC0-301F-11D3-BF4B-00C04F79EFBC}") = "RentAPlace.Tests", "RentAPlace.Tests\RentAPlace.Tests.csproj", "{6FBF292F-DD35-4EB9-AEAE-E022964D9C49}"
EndProject
Global
	GlobalSection(SolutionConfigurationPlatforms) = preSolution
		Debug|Any CPU = Debug|Any CPU
		Debug|x64 = Debug|x64
		Debug|x86 = Debug|x86
		Release|Any CPU = Release|Any CPU
		Release|x64 = Release|x64
		Release|x86 = Release|x86
	EndGlobalSection
	GlobalSection(ProjectConfigurationPlatforms) = postSolution
		{FFF70DEA-85E6-B61D-589B-458DF38EFA24}.Debug|Any CPU.ActiveCfg = Debug|Any CPU
		{FFF70DEA-85E6-B61D-589B-458DF38EFA24}.Debug|Any CPU.Build.0 = Debug|Any CPU
		{FFF70DEA-85E6-B61D-589B-458DF38EFA24}.Debug|x64.ActiveCfg = Debug|Any CPU
		{FFF70DEA-85E6-B61D-589B-458DF38EFA24}.Debug|x64.Build.0 = Debug|Any CPU
		{FFF70DEA-85E6-B61D-589B-458DF38EFA24}.Debug|x86.ActiveCfg = Debug|Any CPU
		{FFF70DEA-85E6-B61D-589B-458DF38EFA24}.Debug|x86.Build.0 = Debug|Any CPU
		{FFF70DEA-85E6-B61D-589B-458DF38EFA24}.Release|Any CPU.ActiveCfg = Release|Any CPU
		{FFF70DEA-85E6-B61D-589B-458DF38EFA24}.Release|Any CPU.Build.0 = Release|Any CPU
		{FFF70DEA-85E6-B61D-589B-458DF38EFA24}.Release|x64.ActiveCfg = Release|Any CPU
		{FFF70DEA-85E6-B61D-589B-458DF38EFA24}.Release|x64.Build.0 = Release|Any CPU
		{FFF70DEA-85E6-B61D-589B-458DF38EFA24}.Release|x86.ActiveCfg = Release|Any CPU
		{FFF70DEA-85E6-B61D-589B-458DF38EFA24}.Release|x86.Build.0 = Release|Any CPU
		{6FBF292F-DD35-4EB9-AEAE-E022964D9C49}.Debug|Any CPU.ActiveCfg = Debug|Any CPU
		{6FBF292F-DD35-4EB9-AEAE-E022964D9C49}.Debug|Any CPU.Build.0 = Debug|Any CPU
		{6FBF292F-DD35-4EB9-AEAE-E022964D9C49}.Debug|x64.ActiveCfg = Debug|Any CPU
		{6FBF292F-DD35-4EB9-AEAE-E022964D9C49}.Debug|x64.Build.0 = Debug|Any CPU
		{6FBF292F-DD35-4EB9-AEAE-E022964D9C49}.Debug|x86.ActiveCfg = Debug|Any CPU
		{6FBF292F-DD35-4EB9-AEAE-E022964D9C49}.Debug|x86.Build.0 = Debug|Any CPU
		{6FBF292F-DD35-4EB9-AEAE-E022964D9C49}.Release|Any CPU.ActiveCfg = Release|Any CPU
		{6FBF292F-DD35-4EB9-AEAE-E022964D9C49}.Release|Any CPU.Build.0 = Release|Any CPU
		{6FBF292F-DD35-4EB9-AEAE-E022964D9C49}.Release|x64.ActiveCfg = Release|Any CPU
		{6FBF292F-DD35-4EB9-AEAE-E022964D9C49}.Release|x64.Build.0 = Release|Any CPU
		{6FBF292F-DD35-4EB9-AEAE-E022964D9C49}.Release|x86.ActiveCfg = Release|Any CPU
		{6FBF292F-DD35-4EB9-AEAE-E022964D9C49}.Release|x86.Build.0 = Release|Any CPU
	EndGlobalSection
	GlobalSection(SolutionProperties) = preSolution
		HideSolutionNode = FALSE
	EndGlobalSection
	GlobalSection(ExtensibilityGlobals) = postSolution
		SolutionGuid = {E9908CB1-96D5-4116-B06C-9D041C7D2CD2}
	EndGlobalSection
EndGlobal
