
Microsoft Visual Studio Solution File, Format Version 12.00
# Visual Studio Version 17
VisualStudioVersion = 17.0.31903.59
MinimumVisualStudioVersion = 10.0.40219.1
Project("{FAE04EC0-301F-11D3-BF4B-00C04F79EFBC}") = "SecureApp.Api", "SecureApp.Api\SecureApp.Api.csproj", "{F16045B4-9412-4AEB-8E65-39B67E1980D1}"
EndProject
Project("{FAE04EC0-301F-11D3-BF4B-00C04F79EFBC}") = "SecureApp.Core", "SecureApp.Core\SecureApp.Core.csproj", "{3FB58AE7-F08F-451B-9BB9-AB5E41054316}"
EndProject
Global
	GlobalSection(SolutionConfigurationPlatforms) = preSolution
		Debug|Any CPU = Debug|Any CPU
		Debug|x64 = Debug|x64
		Debug|x86 = Debug|x86
		Release|Any CPU = Release|Any CPU
		Release|x64 = Release|x64
		Release|x86 = Release|x86
	EndGlobalSection
	GlobalSection(ProjectConfigurationPlatforms) = postSolution
		{F16045B4-9412-4AEB-8E65-39B67E1980D1}.Debug|Any CPU.ActiveCfg = Debug|Any CPU
		{F16045B4-9412-4AEB-8E65-39B67E1980D1}.Debug|Any CPU.Build.0 = Debug|Any CPU
		{F16045B4-9412-4AEB-8E65-39B67E1980D1}.Debug|x64.ActiveCfg = Debug|Any CPU
		{F16045B4-9412-4AEB-8E65-39B67E1980D1}.Debug|x64.Build.0 = Debug|Any CPU
		{F16045B4-9412-4AEB-8E65-39B67E1980D1}.Debug|x86.ActiveCfg = Debug|Any CPU
		{F16045B4-9412-4AEB-8E65-39B67E1980D1}.Debug|x86.Build.0 = Debug|Any CPU
		{F16045B4-9412-4AEB-8E65-39B67E1980D1}.Release|Any CPU.ActiveCfg = Release|Any CPU
		{F16045B4-9412-4AEB-8E65-39B67E1980D1}.Release|Any CPU.Build.0 = Release|Any CPU
		{F16045B4-9412-4AEB-8E65-39B67E1980D1}.Release|x64.ActiveCfg = Release|Any CPU
		{F16045B4-9412-4AEB-8E65-39B67E1980D1}.Release|x64.Build.0 = Release|Any CPU
		{F16045B4-9412-4AEB-8E65-39B67E1980D1}.Release|x86.ActiveCfg = Release|Any CPU
		{F16045B4-9412-4AEB-8E65-39B67E1980D1}.Release|x86.Build.0 = Release|Any CPU
		{3FB58AE7-F08F-451B-9BB9-AB5E41054316}.Debug|Any CPU.ActiveCfg = Debug|Any CPU
		{3FB58AE7-F08F-451B-9BB9-AB5E41054316}.Debug|Any CPU.Build.0 = Debug|Any CPU
		{3FB58AE7-F08F-451B-9BB9-AB5E41054316}.Debug|x64.ActiveCfg = Debug|Any CPU
		{3FB58AE7-F08F-451B-9BB9-AB5E41054316}.Debug|x64.Build.0 = Debug|Any CPU
		{3FB58AE7-F08F-451B-9BB9-AB5E41054316}.Debug|x86.ActiveCfg = Debug|Any CPU
		{3FB58AE7-F08F-451B-9BB9-AB5E41054316}.Debug|x86.Build.0 = Debug|Any CPU
		{3FB58AE7-F08F-451B-9BB9-AB5E41054316}.Release|Any CPU.ActiveCfg = Release|Any CPU
		{3FB58AE7-F08F-451B-9BB9-AB5E41054316}.Release|Any CPU.Build.0 = Release|Any CPU
		{3FB58AE7-F08F-451B-9BB9-AB5E41054316}.Release|x64.ActiveCfg = Release|Any CPU
		{3FB58AE7-F08F-451B-9BB9-AB5E41054316}.Release|x64.Build.0 = Release|Any CPU
		{3FB58AE7-F08F-451B-9BB9-AB5E41054316}.Release|x86.ActiveCfg = Release|Any CPU
		{3FB58AE7-F08F-451B-9BB9-AB5E41054316}.Release|x86.Build.0 = Release|Any CPU
	EndGlobalSection
	GlobalSection(SolutionProperties) = preSolution
		HideSolutionNode = FALSE
	EndGlobalSection
EndGlobal
